// !$*UTF8*$!
{
	archiveVersion = 1;
	classes = {
	};
	objectVersion = 46;
	objects = {

/* Begin PBXBuildFile section */
		6B1ED4031E173326003D8C4D /* AppDelegate.swift in Sources */ = {isa = PBXBuildFile; fileRef = 6B1ED4021E173326003D8C4D /* AppDelegate.swift */; };
		6B1ED4051E173326003D8C4D /* ViewController.swift in Sources */ = {isa = PBXBuildFile; fileRef = 6B1ED4041E173326003D8C4D /* ViewController.swift */; };
		6B1ED4081E173326003D8C4D /* Main.storyboard in Resources */ = {isa = PBXBuildFile; fileRef = 6B1ED4061E173326003D8C4D /* Main.storyboard */; };
		6B1ED40A1E173326003D8C4D /* Assets.xcassets in Resources */ = {isa = PBXBuildFile; fileRef = 6B1ED4091E173326003D8C4D /* Assets.xcassets */; };
		6B1ED40D1E173326003D8C4D /* LaunchScreen.storyboard in Resources */ = {isa = PBXBuildFile; fileRef = 6B1ED40B1E173326003D8C4D /* LaunchScreen.storyboard */; };
		6B1ED4151E17337D003D8C4D /* RoundImageTextSegmentedControl.swift in Sources */ = {isa = PBXBuildFile; fileRef = 6B1ED4141E17337D003D8C4D /* RoundImageTextSegmentedControl.swift */; };
		6B1ED4171E17450F003D8C4D /* RoundBorderImageView.swift in Sources */ = {isa = PBXBuildFile; fileRef = 6B1ED4161E17450F003D8C4D /* RoundBorderImageView.swift */; };
		6B1ED4191E17803A003D8C4D /* RoundImageLabelView.swift in Sources */ = {isa = PBXBuildFile; fileRef = 6B1ED4181E17803A003D8C4D /* RoundImageLabelView.swift */; };
		6B1ED41B1E178063003D8C4D /* RoundImageLabelView.xib in Resources */ = {isa = PBXBuildFile; fileRef = 6B1ED41A1E178063003D8C4D /* RoundImageLabelView.xib */; };
		6B1ED41D1E1780D0003D8C4D /* SegmentedControl.swift in Sources */ = {isa = PBXBuildFile; fileRef = 6B1ED41C1E1780D0003D8C4D /* SegmentedControl.swift */; };
		6B1ED41F1E1819C1003D8C4D /* RoundImageStackView.xib in Resources */ = {isa = PBXBuildFile; fileRef = 6B1ED41E1E1819C1003D8C4D /* RoundImageStackView.xib */; };
		6B1ED4211E181B32003D8C4D /* RoundImageStackView.swift in Sources */ = {isa = PBXBuildFile; fileRef = 6B1ED4201E181B32003D8C4D /* RoundImageStackView.swift */; };
/* End PBXBuildFile section */

/* Begin PBXFileReference section */
		6B1ED3FF1E173326003D8C4D /* CustomSegmentedControl.app */ = {isa = PBXFileReference; explicitFileType = wrapper.application; includeInIndex = 0; path = CustomSegmentedControl.app; sourceTree = BUILT_PRODUCTS_DIR; };
		6B1ED4021E173326003D8C4D /* AppDelegate.swift */ = {isa = PBXFileReference; lastKnownFileType = sourcecode.swift; path = AppDelegate.swift; sourceTree = "<group>"; };
		6B1ED4041E173326003D8C4D /* ViewController.swift */ = {isa = PBXFileReference; lastKnownFileType = sourcecode.swift; path = ViewController.swift; sourceTree = "<group>"; };
		6B1ED4071E173326003D8C4D /* Base */ = {isa = PBXFileReference; lastKnownFileType = file.storyboard; name = Base; path = Base.lproj/Main.storyboard; sourceTree = "<group>"; };
		6B1ED4091E173326003D8C4D /* Assets.xcassets */ = {isa = PBXFileReference; lastKnownFileType = folder.assetcatalog; path = Assets.xcassets; sourceTree = "<group>"; };
		6B1ED40C1E173326003D8C4D /* Base */ = {isa = PBXFileReference; lastKnownFileType = file.storyboard; name = Base; path = Base.lproj/LaunchScreen.storyboard; sourceTree = "<group>"; };
		6B1ED40E1E173326003D8C4D /* Info.plist */ = {isa = PBXFileReference; lastKnownFileType = text.plist.xml; path = Info.plist; sourceTree = "<group>"; };
		6B1ED4141E17337D003D8C4D /* RoundImageTextSegmentedControl.swift */ = {isa = PBXFileReference; fileEncoding = 4; lastKnownFileType = sourcecode.swift; path = RoundImageTextSegmentedControl.swift; sourceTree = "<group>"; };
		6B1ED4161E17450F003D8C4D /* RoundBorderImageView.swift */ = {isa = PBXFileReference; fileEncoding = 4; lastKnownFileType = sourcecode.swift; path = RoundBorderImageView.swift; sourceTree = "<group>"; };
		6B1ED4181E17803A003D8C4D /* RoundImageLabelView.swift */ = {isa = PBXFileReference; fileEncoding = 4; lastKnownFileType = sourcecode.swift; path = RoundImageLabelView.swift; sourceTree = "<group>"; };
		6B1ED41A1E178063003D8C4D /* RoundImageLabelView.xib */ = {isa = PBXFileReference; fileEncoding = 4; lastKnownFileType = file.xib; path = RoundImageLabelView.xib; sourceTree = "<group>"; };
		6B1ED41C1E1780D0003D8C4D /* SegmentedControl.swift */ = {isa = PBXFileReference; fileEncoding = 4; lastKnownFileType = sourcecode.swift; path = SegmentedControl.swift; sourceTree = "<group>"; };
		6B1ED41E1E1819C1003D8C4D /* RoundImageStackView.xib */ = {isa = PBXFileReference; fileEncoding = 4; lastKnownFileType = file.xib; path = RoundImageStackView.xib; sourceTree = "<group>"; };
		6B1ED4201E181B32003D8C4D /* RoundImageStackView.swift */ = {isa = PBXFileReference; fileEncoding = 4; lastKnownFileType = sourcecode.swift; path = RoundImageStackView.swift; sourceTree = "<group>"; };
/* End PBXFileReference section */

/* Begin PBXFrameworksBuildPhase section */
		6B1ED3FC1E173326003D8C4D /* Frameworks */ = {
			isa = PBXFrameworksBuildPhase;
			buildActionMask = 2147483647;
			files = (
			);
			runOnlyForDeploymentPostprocessing = 0;
		};
/* End PBXFrameworksBuildPhase section */

/* Begin PBXGroup section */
		6B1ED3F61E173326003D8C4D = {
			isa = PBXGroup;
			children = (
				6B1ED4011E173326003D8C4D /* CustomSegmentedControl */,
				6B1ED4001E173326003D8C4D /* Products */,
			);
			sourceTree = "<group>";
		};
		6B1ED4001E173326003D8C4D /* Products */ = {
			isa = PBXGroup;
			children = (
				6B1ED3FF1E173326003D8C4D /* CustomSegmentedControl.app */,
			);
			name = Products;
			sourceTree = "<group>";
		};
		6B1ED4011E173326003D8C4D /* CustomSegmentedControl */ = {
			isa = PBXGroup;
			children = (
				6B1ED4021E173326003D8C4D /* AppDelegate.swift */,
				6B1ED4041E173326003D8C4D /* ViewController.swift */,
				6B1ED4201E181B32003D8C4D /* RoundImageStackView.swift */,
				6B1ED41E1E1819C1003D8C4D /* RoundImageStackView.xib */,
				6B1ED4181E17803A003D8C4D /* RoundImageLabelView.swift */,
				6B1ED41A1E178063003D8C4D /* RoundImageLabelView.xib */,
				6B1ED4161E17450F003D8C4D /* RoundBorderImageView.swift */,
				6B1ED4141E17337D003D8C4D /* RoundImageTextSegmentedControl.swift */,
				6B1ED41C1E1780D0003D8C4D /* SegmentedControl.swift */,
				6B1ED4061E173326003D8C4D /* Main.storyboard */,
				6B1ED4091E173326003D8C4D /* Assets.xcassets */,
				6B1ED40B1E173326003D8C4D /* LaunchScreen.storyboard */,
				6B1ED40E1E173326003D8C4D /* Info.plist */,
			);
			path = CustomSegmentedControl;
			sourceTree = "<group>";
		};
/* End PBXGroup section */

/* Begin PBXNativeTarget section */
		6B1ED3FE1E173326003D8C4D /* CustomSegmentedControl */ = {
			isa = PBXNativeTarget;
			buildConfigurationList = 6B1ED4111E173326003D8C4D /* Build configuration list for PBXNativeTarget "CustomSegmentedControl" */;
			buildPhases = (
				6B1ED3FB1E173326003D8C4D /* Sources */,
				6B1ED3FC1E173326003D8C4D /* Frameworks */,
				6B1ED3FD1E173326003D8C4D /* Resources */,
			);
			buildRules = (
			);
			dependencies = (
			);
			name = CustomSegmentedControl;
			productName = CustomSegmentedControl;
			productReference = 6B1ED3FF1E173326003D8C4D /* CustomSegmentedControl.app */;
			productType = "com.apple.product-type.application";
		};
/* End PBXNativeTarget section */

/* Begin PBXProject section */
		6B1ED3F71E173326003D8C4D /* Project object */ = {
			isa = PBXProject;
			attributes = {
				LastSwiftUpdateCheck = 0820;
				LastUpgradeCheck = 0820;
				ORGANIZATIONNAME = "Alfian Losari";
				TargetAttributes = {
					6B1ED3FE1E173326003D8C4D = {
						CreatedOnToolsVersion = 8.2.1;
						DevelopmentTeam = QHA5D3ZRQ8;
						ProvisioningStyle = Automatic;
					};
				};
			};
			buildConfigurationList = 6B1ED3FA1E173326003D8C4D /* Build configuration list for PBXProject "CustomSegmentedControl" */;
			compatibilityVersion = "Xcode 3.2";
			developmentRegion = English;
			hasScannedForEncodings = 0;
			knownRegions = (
				en,
				Base,
			);
			mainGroup = 6B1ED3F61E173326003D8C4D;
			productRefGroup = 6B1ED4001E173326003D8C4D /* Products */;
			projectDirPath = "";
			projectRoot = "";
			targets = (
				6B1ED3FE1E173326003D8C4D /* CustomSegmentedControl */,
			);
		};
/* End PBXProject section */

/* Begin PBXResourcesBuildPhase section */
		6B1ED3FD1E173326003D8C4D /* Resources */ = {
			isa = PBXResourcesBuildPhase;
			buildActionMask = 2147483647;
			files = (
				6B1ED41F1E1819C1003D8C4D /* RoundImageStackView.xib in Resources */,
				6B1ED40D1E173326003D8C4D /* LaunchScreen.storyboard in Resources */,
				6B1ED40A1E173326003D8C4D /* Assets.xcassets in Resources */,
				6B1ED41B1E178063003D8C4D /* RoundImageLabelView.xib in Resources */,
				6B1ED4081E173326003D8C4D /* Main.storyboard in Resources */,
			);
			runOnlyForDeploymentPostprocessing = 0;
		};
/* End PBXResourcesBuildPhase section */

/* Begin PBXSourcesBuildPhase section */
		6B1ED3FB1E173326003D8C4D /* Sources */ = {
			isa = PBXSourcesBuildPhase;
			buildActionMask = 2147483647;
			files = (
				6B1ED4191E17803A003D8C4D /* RoundImageLabelView.swift in Sources */,
				6B1ED4051E173326003D8C4D /* ViewController.swift in Sources */,
				6B1ED4171E17450F003D8C4D /* RoundBorderImageView.swift in Sources */,
				6B1ED4151E17337D003D8C4D /* RoundImageTextSegmentedControl.swift in Sources */,
				6B1ED41D1E1780D0003D8C4D /* SegmentedControl.swift in Sources */,
				6B1ED4211E181B32003D8C4D /* RoundImageStackView.swift in Sources */,
				6B1ED4031E173326003D8C4D /* AppDelegate.swift in Sources */,
			);
			runOnlyForDeploymentPostprocessing = 0;
		};
/* End PBXSourcesBuildPhase section */

/* Begin PBXVariantGroup section */
		6B1ED4061E173326003D8C4D /* Main.storyboard */ = {
			isa = PBXVariantGroup;
			children = (
				6B1ED4071E173326003D8C4D /* Base */,
			);
			name = Main.storyboard;
			sourceTree = "<group>";
		};
		6B1ED40B1E173326003D8C4D /* LaunchScreen.storyboard */ = {
			isa = PBXVariantGroup;
			children = (
				6B1ED40C1E173326003D8C4D /* Base */,
			);
			name = LaunchScreen.storyboard;
			sourceTree = "<group>";
		};
/* End PBXVariantGroup section */

/* Begin XCBuildConfiguration section */
		6B1ED40F1E173326003D8C4D /* Debug */ = {
			isa = XCBuildConfiguration;
			buildSettings = {
				ALWAYS_SEARCH_USER_PATHS = NO;
				CLANG_ANALYZER_NONNULL = YES;
				CLANG_CXX_LANGUAGE_STANDARD = "gnu++0x";
				CLANG_CXX_LIBRARY = "libc++";
				CLANG_ENABLE_MODULES = YES;
				CLANG_ENABLE_OBJC_ARC = YES;
				CLANG_WARN_BOOL_CONVERSION = YES;
				CLANG_WARN_CONSTANT_CONVERSION = YES;
				CLANG_WARN_DIRECT_OBJC_ISA_USAGE = YES_ERROR;
				CLANG_WARN_DOCUMENTATION_COMMENTS = YES;
				CLANG_WARN_EMPTY_BODY = YES;
				CLANG_WARN_ENUM_CONVERSION = YES;
				CLANG_WARN_INFINITE_RECURSION = YES;
				CLANG_WARN_INT_CONVERSION = YES;
				CLANG_WARN_OBJC_ROOT_CLASS = YES_ERROR;
				CLANG_WARN_SUSPICIOUS_MOVE = YES;
				CLANG_WARN_UNREACHABLE_CODE = YES;
				CLANG_WARN__DUPLICATE_METHOD_MATCH = YES;
				"CODE_SIGN_IDENTITY[sdk=iphoneos*]" = "iPhone Developer";
				COPY_PHASE_STRIP = NO;
				DEBUG_INFORMATION_FORMAT = dwarf;
				ENABLE_STRICT_OBJC_MSGSEND = YES;
				ENABLE_TESTABILITY = YES;
				GCC_C_LANGUAGE_STANDARD = gnu99;
				GCC_DYNAMIC_NO_PIC = NO;
				GCC_NO_COMMON_BLOCKS = YES;
				GCC_OPTIMIZATION_LEVEL = 0;
				GCC_PREPROCESSOR_DEFINITIONS = (
					"DEBUG=1",
					"$(inherited)",
				);
				GCC_WARN_64_TO_32_BIT_CONVERSION = YES;
				GCC_WARN_ABOUT_RETURN_TYPE = YES_ERROR;
				GCC_WARN_UNDECLARED_SELECTOR = YES;
				GCC_WARN_UNINITIALIZED_AUTOS = YES_AGGRESSIVE;
				GCC_WARN_UNUSED_FUNCTION = YES;
				GCC_WARN_UNUSED_VARIABLE = YES;
				IPHONEOS_DEPLOYMENT_TARGET = 10.2;
				MTL_ENABLE_DEBUG_INFO = YES;
				ONLY_ACTIVE_ARCH = YES;
				SDKROOT = iphoneos;
				SWIFT_ACTIVE_COMPILATION_CONDITIONS = DEBUG;
				SWIFT_OPTIMIZATION_LEVEL = "-Onone";
				TARGETED_DEVICE_FAMILY = "1,2";
			};
			name = Debug;
		};
		6B1ED4101E173326003D8C4D /* Release */ = {
			isa = XCBuildConfiguration;
			buildSettings = {
				ALWAYS_SEARCH_USER_PATHS = NO;
				CLANG_ANALYZER_NONNULL = YES;
				CLANG_CXX_LANGUAGE_STANDARD = "gnu++0x";
				CLANG_CXX_LIBRARY = "libc++";
				CLANG_ENABLE_MODULES = YES;
				CLANG_ENABLE_OBJC_ARC = YES;
				CLANG_WARN_BOOL_CONVERSION = YES;
				CLANG_WARN_CONSTANT_CONVERSION = YES;
				CLANG_WARN_DIRECT_OBJC_ISA_USAGE = YES_ERROR;
				CLANG_WARN_DOCUMENTATION_COMMENTS = YES;
				CLANG_WARN_EMPTY_BODY = YES;
				CLANG_WARN_ENUM_CONVERSION = YES;
				CLANG_WARN_INFINITE_RECURSION = YES;
				CLANG_WARN_INT_CONVERSION = YES;
				CLANG_WARN_OBJC_ROOT_CLASS = YES_ERROR;
				CLANG_WARN_SUSPICIOUS_MOVE = YES;
				CLANG_WARN_UNREACHABLE_CODE = YES;
				CLANG_WARN__DUPLICATE_METHOD_MATCH = YES;
				"CODE_SIGN_IDENTITY[sdk=iphoneos*]" = "iPhone Developer";
				COPY_PHASE_STRIP = NO;
				DEBUG_INFORMATION_FORMAT = "dwarf-with-dsym";
				ENABLE_NS_ASSERTIONS = NO;
				ENABLE_STRICT_OBJC_MSGSEND = YES;
				GCC_C_LANGUAGE_STANDARD = gnu99;
				GCC_NO_COMMON_BLOCKS = YES;
				GCC_WARN_64_TO_32_BIT_CONVERSION = YES;
				GCC_WARN_ABOUT_RETURN_TYPE = YES_ERROR;
				GCC_WARN_UNDECLARED_SELECTOR = YES;
				GCC_WARN_UNINITIALIZED_AUTOS = YES_AGGRESSIVE;
				GCC_WARN_UNUSED_FUNCTION = YES;
				GCC_WARN_UNUSED_VARIABLE = YES;
				IPHONEOS_DEPLOYMENT_TARGET = 10.2;
				MTL_ENABLE_DEBUG_INFO = NO;
				SDKROOT = iphoneos;
				SWIFT_OPTIMIZATION_LEVEL = "-Owholemodule";
				TARGETED_DEVICE_FAMILY = "1,2";
				VALIDATE_PRODUCT = YES;
			};
			name = Release;
		};
		6B1ED4121E173326003D8C4D /* Debug */ = {
			isa = XCBuildConfiguration;
			buildSettings = {
				ASSETCATALOG_COMPILER_APPICON_NAME = AppIcon;
				DEVELOPMENT_TEAM = QHA5D3ZRQ8;
				INFOPLIST_FILE = CustomSegmentedControl/Info.plist;
				LD_RUNPATH_SEARCH_PATHS = "$(inherited) @executable_path/Frameworks";
				PRODUCT_BUNDLE_IDENTIFIER = com.neatpocket.CustomSegmentedControl;
				PRODUCT_NAME = "$(TARGET_NAME)";
				SWIFT_VERSION = 3.0;
			};
			name = Debug;
		};
		6B1ED4131E173326003D8C4D /* Release */ = {
			isa = XCBuildConfiguration;
			buildSettings = {
				ASSETCATALOG_COMPILER_APPICON_NAME = AppIcon;
				DEVELOPMENT_TEAM = QHA5D3ZRQ8;
				INFOPLIST_FILE = CustomSegmentedControl/Info.plist;
				LD_RUNPATH_SEARCH_PATHS = "$(inherited) @executable_path/Frameworks";
				PRODUCT_BUNDLE_IDENTIFIER = com.neatpocket.CustomSegmentedControl;
				PRODUCT_NAME = "$(TARGET_NAME)";
				SWIFT_VERSION = 3.0;
			};
			name = Release;
		};
/* End XCBuildConfiguration section */

/* Begin XCConfigurationList section */
		6B1ED3FA1E173326003D8C4D /* Build configuration list for PBXProject "CustomSegmentedControl" */ = {
			isa = XCConfigurationList;
			buildConfigurations = (
				6B1ED40F1E173326003D8C4D /* Debug */,
				6B1ED4101E173326003D8C4D /* Release */,
			);
			defaultConfigurationIsVisible = 0;
			defaultConfigurationName = Release;
		};
		6B1ED4111E173326003D8C4D /* Build configuration list for PBXNativeTarget "CustomSegmentedControl" */ = {
			isa = XCConfigurationList;
			buildConfigurations = (
				6B1ED4121E173326003D8C4D /* Debug */,
				6B1ED4131E173326003D8C4D /* Release */,
			);
			defaultConfigurationIsVisible = 0;
		};
/* End XCConfigurationList section */
	};
	rootObject = 6B1ED3F71E173326003D8C4D /* Project object */;
}
